{
    "version": 3,
    "terraform_version": "0.11.2",
    "serial": 4,
    "lineage": "6b338d83-c878-4516-84ec-7053ae7a4e84",
    "modules": [
        {
            "path": [
                "root"
            ],
            "outputs": {},
            "resources": {
                "aws_ami_from_instance.aws_golden_ami": {
                    "type": "aws_ami_from_instance",
                    "depends_on": [
                        "aws_instance.wp_ec2_dev",
                        "aws_s3_bucket.code",
                        "random_id.golden_ami"
                    ],
                    "primary": {
                        "id": "ami-02918cd2bff880b6e",
                        "attributes": {
                            "architecture": "x86_64",
                            "description": "",
                            "ebs_block_device.#": "1",
                            "ebs_block_device.1127078475.delete_on_termination": "true",
                            "ebs_block_device.1127078475.device_name": "/dev/xvda",
                            "ebs_block_device.1127078475.encrypted": "false",
                            "ebs_block_device.1127078475.iops": "0",
                            "ebs_block_device.1127078475.snapshot_id": "snap-0eed5356871cd3c39",
                            "ebs_block_device.1127078475.volume_size": "8",
                            "ebs_block_device.1127078475.volume_type": "gp2",
                            "ena_support": "true",
                            "ephemeral_block_device.#": "0",
                            "id": "ami-02918cd2bff880b6e",
                            "image_location": "503511696737/wp-ami-g1UL",
                            "kernel_id": "",
                            "manage_ebs_snapshots": "true",
                            "name": "wp-ami-g1UL",
                            "ramdisk_id": "",
                            "root_device_name": "/dev/xvda",
                            "root_snapshot_id": "snap-0eed5356871cd3c39",
                            "source_instance_id": "i-05fe4e0695819c843",
                            "sriov_net_support": "simple",
                            "tags.%": "0",
                            "virtualization_type": "hvm"
                        },
                        "meta": {
                            "e2bfb730-ecaa-11e6-8f88-34363bc7c4c0": {
                                "create": 2400000000000,
                                "delete": 5400000000000,
                                "update": 2400000000000
                            }
                        },
                        "tainted": false
                    },
                    "deposed": [],
                    "provider": "provider.aws"
                },
                "aws_autoscaling_group.wp_asg": {
                    "type": "aws_autoscaling_group",
                    "depends_on": [
                        "aws_elb.wp_elb",
                        "aws_launch_configuration.wp_asg_lc",
                        "aws_subnet.wp_private_subnet_03",
                        "aws_subnet.wp_private_subnet_04"
                    ],
                    "primary": {
                        "id": "asg-wp_lc-20181101220328417800000002",
                        "attributes": {
                            "arn": "arn:aws:autoscaling:us-east-1:503511696737:autoScalingGroup:df1a5447-cdb7-406b-9a11-c90625d3796d:autoScalingGroupName/asg-wp_lc-20181101220328417800000002",
                            "availability_zones.#": "2",
                            "availability_zones.1305112097": "us-east-1b",
                            "availability_zones.3569565595": "us-east-1a",
                            "default_cooldown": "300",
                            "desired_capacity": "2",
                            "enabled_metrics.#": "0",
                            "force_delete": "true",
                            "health_check_grace_period": "300",
                            "health_check_type": "EC2",
                            "id": "asg-wp_lc-20181101220328417800000002",
                            "launch_configuration": "wp_lc-20181101220328417800000002",
                            "launch_template.#": "0",
                            "load_balancers.#": "1",
                            "load_balancers.3110436746": "urbinaalex-elb",
                            "max_size": "2",
                            "metrics_granularity": "1Minute",
                            "min_size": "1",
                            "name": "asg-wp_lc-20181101220328417800000002",
                            "placement_group": "",
                            "protect_from_scale_in": "false",
                            "service_linked_role_arn": "arn:aws:iam::503511696737:role/aws-service-role/autoscaling.amazonaws.com/AWSServiceRoleForAutoScaling",
                            "suspended_processes.#": "0",
                            "tags.#": "1",
                            "tags.0.%": "3",
                            "tags.0.key": "Name",
                            "tags.0.propagate_at_launch": "1",
                            "tags.0.value": "wp_asg-instance",
                            "target_group_arns.#": "0",
                            "termination_policies.#": "0",
                            "vpc_zone_identifier.#": "2",
                            "vpc_zone_identifier.1713272289": "subnet-03c1a435dd916b4cd",
                            "vpc_zone_identifier.3907084571": "subnet-0d8b61dd6fedb28c7",
                            "wait_for_capacity_timeout": "10m"
                        },
                        "meta": {
                            "e2bfb730-ecaa-11e6-8f88-34363bc7c4c0": {
                                "delete": 600000000000
                            }
                        },
                        "tainted": false
                    },
                    "deposed": [],
                    "provider": "provider.aws"
                },
                "aws_db_instance.wp_db": {
                    "type": "aws_db_instance",
                    "depends_on": [
                        "aws_db_subnet_group.wp_rds_subnetgroup",
                        "aws_security_group.wp_rds_sg"
                    ],
                    "primary": {
                        "id": "terraform-20181101215553311400000001",
                        "attributes": {
                            "address": "terraform-20181101215553311400000001.cfgt8pk7nems.us-east-1.rds.amazonaws.com",
                            "allocated_storage": "10",
                            "arn": "arn:aws:rds:us-east-1:503511696737:db:terraform-20181101215553311400000001",
                            "auto_minor_version_upgrade": "true",
                            "availability_zone": "us-east-1a",
                            "backup_retention_period": "0",
                            "backup_window": "05:11-05:41",
                            "ca_cert_identifier": "rds-ca-2015",
                            "copy_tags_to_snapshot": "false",
                            "db_subnet_group_name": "wp_rds_subnetgroup",
                            "deletion_protection": "false",
                            "domain": "",
                            "domain_iam_role_name": "",
                            "enabled_cloudwatch_logs_exports.#": "0",
                            "endpoint": "terraform-20181101215553311400000001.cfgt8pk7nems.us-east-1.rds.amazonaws.com:3306",
                            "engine": "mysql",
                            "engine_version": "8.0.11",
                            "hosted_zone_id": "Z2R2ITUGPM61AM",
                            "iam_database_authentication_enabled": "false",
                            "id": "terraform-20181101215553311400000001",
                            "identifier": "terraform-20181101215553311400000001",
                            "instance_class": "db.t2.micro",
                            "iops": "0",
                            "kms_key_id": "",
                            "license_model": "general-public-license",
                            "maintenance_window": "wed:03:44-wed:04:14",
                            "monitoring_interval": "0",
                            "multi_az": "false",
                            "name": "wprdsdb",
                            "option_group_name": "default:mysql-8-0",
                            "parameter_group_name": "default.mysql8.0",
                            "password": "urbinaalex_pass",
                            "port": "3306",
                            "publicly_accessible": "false",
                            "replicas.#": "0",
                            "replicate_source_db": "",
                            "resource_id": "db-SMRY5QUJE4JODXUNIYOXCP2S24",
                            "security_group_names.#": "0",
                            "skip_final_snapshot": "true",
                            "status": "available",
                            "storage_encrypted": "false",
                            "storage_type": "gp2",
                            "tags.%": "0",
                            "timezone": "",
                            "username": "urbinaalex",
                            "vpc_security_group_ids.#": "1",
                            "vpc_security_group_ids.796694339": "sg-0cf107d7a60a88a7b"
                        },
                        "meta": {
                            "e2bfb730-ecaa-11e6-8f88-34363bc7c4c0": {
                                "create": 2400000000000,
                                "delete": 2400000000000,
                                "update": 4800000000000
                            }
                        },
                        "tainted": false
                    },
                    "deposed": [],
                    "provider": "provider.aws"
                },
                "aws_db_subnet_group.wp_rds_subnetgroup": {
                    "type": "aws_db_subnet_group",
                    "depends_on": [
                        "aws_subnet.wp_rds_subnet_01",
                        "aws_subnet.wp_rds_subnet_02",
                        "aws_subnet.wp_rds_subnet_03"
                    ],
                    "primary": {
                        "id": "wp_rds_subnetgroup",
                        "attributes": {
                            "arn": "arn:aws:rds:us-east-1:503511696737:subgrp:wp_rds_subnetgroup",
                            "description": "Managed by Terraform",
                            "id": "wp_rds_subnetgroup",
                            "name": "wp_rds_subnetgroup",
                            "subnet_ids.#": "3",
                            "subnet_ids.1711202639": "subnet-036692f2a869c6bb1",
                            "subnet_ids.3595179785": "subnet-0fabdb40c553ed1ab",
                            "subnet_ids.3687355918": "subnet-0a0fb5359ddcf7985",
                            "tags.%": "1",
                            "tags.Name": "wp_rds_sng"
                        },
                        "meta": {},
                        "tainted": false
                    },
                    "deposed": [],
                    "provider": "provider.aws"
                },
                "aws_default_route_table.wp_private_rt": {
                    "type": "aws_default_route_table",
                    "depends_on": [
                        "aws_vpc.wp_vpc"
                    ],
                    "primary": {
                        "id": "rtb-0f78d810234534c95",
                        "attributes": {
                            "default_route_table_id": "rtb-0f78d810234534c95",
                            "id": "rtb-0f78d810234534c95",
                            "propagating_vgws.#": "0",
                            "route.#": "0",
                            "tags.%": "1",
                            "tags.Name": "wp_private",
                            "vpc_id": "vpc-0c7505fafd95564ff"
                        },
                        "meta": {},
                        "tainted": false
                    },
                    "deposed": [],
                    "provider": "provider.aws"
                },
                "aws_elb.wp_elb": {
                    "type": "aws_elb",
                    "depends_on": [
                        "aws_security_group.wp_public_sg",
                        "aws_subnet.wp_public_subnet_01",
                        "aws_subnet.wp_public_subnet_02"
                    ],
                    "primary": {
                        "id": "urbinaalex-elb",
                        "attributes": {
                            "access_logs.#": "0",
                            "arn": "arn:aws:elasticloadbalancing:us-east-1:503511696737:loadbalancer/urbinaalex-elb",
                            "availability_zones.#": "2",
                            "availability_zones.1305112097": "us-east-1b",
                            "availability_zones.3569565595": "us-east-1a",
                            "connection_draining": "true",
                            "connection_draining_timeout": "400",
                            "cross_zone_load_balancing": "true",
                            "dns_name": "urbinaalex-elb-1715681858.us-east-1.elb.amazonaws.com",
                            "health_check.#": "1",
                            "health_check.0.healthy_threshold": "2",
                            "health_check.0.interval": "30",
                            "health_check.0.target": "TCP:80",
                            "health_check.0.timeout": "3",
                            "health_check.0.unhealthy_threshold": "2",
                            "id": "urbinaalex-elb",
                            "idle_timeout": "400",
                            "instances.#": "2",
                            "instances.1609866548": "i-04d27aebe0cece6d3",
                            "instances.525347076": "i-0f2b1014aba800687",
                            "internal": "false",
                            "listener.#": "1",
                            "listener.3057123346.instance_port": "80",
                            "listener.3057123346.instance_protocol": "http",
                            "listener.3057123346.lb_port": "80",
                            "listener.3057123346.lb_protocol": "http",
                            "listener.3057123346.ssl_certificate_id": "",
                            "name": "urbinaalex-elb",
                            "security_groups.#": "1",
                            "security_groups.3668466354": "sg-0dc5f54e514043f15",
                            "source_security_group": "503511696737/aws_public_sg",
                            "source_security_group_id": "sg-0dc5f54e514043f15",
                            "subnets.#": "2",
                            "subnets.4142296185": "subnet-0a8e8d5d0c366cc55",
                            "subnets.741302817": "subnet-001b878f296dda7df",
                            "tags.%": "1",
                            "tags.Name": "wp_urbinaalex-elb",
                            "zone_id": "Z35SXDOTRQ7X7K"
                        },
                        "meta": {},
                        "tainted": false
                    },
                    "deposed": [],
                    "provider": "provider.aws"
                },
                "aws_iam_instance_profile.s3_access_profile": {
                    "type": "aws_iam_instance_profile",
                    "depends_on": [
                        "aws_iam_role.s3_access_role"
                    ],
                    "primary": {
                        "id": "s3_access",
                        "attributes": {
                            "arn": "arn:aws:iam::503511696737:instance-profile/s3_access",
                            "create_date": "2018-11-01T21:45:06Z",
                            "id": "s3_access",
                            "name": "s3_access",
                            "path": "/",
                            "role": "s3_access_role",
                            "roles.#": "1",
                            "roles.2044655173": "s3_access_role",
                            "unique_id": "AIPAJTU3TX6XHFBFQSHWO"
                        },
                        "meta": {},
                        "tainted": false
                    },
                    "deposed": [],
                    "provider": "provider.aws"
                },
                "aws_iam_role.s3_access_role": {
                    "type": "aws_iam_role",
                    "depends_on": [],
                    "primary": {
                        "id": "s3_access_role",
                        "attributes": {
                            "arn": "arn:aws:iam::503511696737:role/s3_access_role",
                            "assume_role_policy": "{\"Version\":\"2012-10-17\",\"Statement\":[{\"Sid\":\"\",\"Effect\":\"Allow\",\"Principal\":{\"Service\":\"ec2.amazonaws.com\"},\"Action\":\"sts:AssumeRole\"}]}",
                            "create_date": "2018-11-01T21:45:05Z",
                            "description": "",
                            "force_detach_policies": "false",
                            "id": "s3_access_role",
                            "max_session_duration": "3600",
                            "name": "s3_access_role",
                            "path": "/",
                            "unique_id": "AROAJHOPDURQS24DQPWHO"
                        },
                        "meta": {},
                        "tainted": false
                    },
                    "deposed": [],
                    "provider": "provider.aws"
                },
                "aws_iam_role_policy.s3_access_policy": {
                    "type": "aws_iam_role_policy",
                    "depends_on": [
                        "aws_iam_role.s3_access_role"
                    ],
                    "primary": {
                        "id": "s3_access_role:s3_access_policy",
                        "attributes": {
                            "id": "s3_access_role:s3_access_policy",
                            "name": "s3_access_policy",
                            "policy": "{\n  \"Version\": \"2012-10-17\",\n  \"Statement\": [\n    {\n      \"Effect\": \"Allow\",\n      \"Action\": \"s3:*\",\n      \"Resource\": \"*\"\n    }\n  ]\n}\n",
                            "role": "s3_access_role"
                        },
                        "meta": {},
                        "tainted": false
                    },
                    "deposed": [],
                    "provider": "provider.aws"
                },
                "aws_instance.wp_ec2_dev": {
                    "type": "aws_instance",
                    "depends_on": [
                        "aws_iam_instance_profile.s3_access_profile",
                        "aws_key_pair.wp_auth",
                        "aws_s3_bucket.code",
                        "aws_security_group.wp_dev_sg",
                        "aws_subnet.wp_public_subnet_01"
                    ],
                    "primary": {
                        "id": "i-05fe4e0695819c843",
                        "attributes": {
                            "ami": "ami-b73b63a0",
                            "arn": "arn:aws:ec2:us-east-1:503511696737:instance/i-05fe4e0695819c843",
                            "associate_public_ip_address": "true",
                            "availability_zone": "us-east-1a",
                            "cpu_core_count": "1",
                            "cpu_threads_per_core": "1",
                            "credit_specification.#": "1",
                            "credit_specification.0.cpu_credits": "standard",
                            "disable_api_termination": "false",
                            "ebs_block_device.#": "0",
                            "ebs_optimized": "false",
                            "ephemeral_block_device.#": "0",
                            "get_password_data": "false",
                            "iam_instance_profile": "s3_access",
                            "id": "i-05fe4e0695819c843",
                            "instance_state": "running",
                            "instance_type": "t2.micro",
                            "ipv6_addresses.#": "0",
                            "key_name": "AWS-TA-KEYPAIR",
                            "monitoring": "false",
                            "network_interface.#": "0",
                            "network_interface_id": "eni-086c86219fb06af4e",
                            "password_data": "",
                            "placement_group": "",
                            "primary_network_interface_id": "eni-086c86219fb06af4e",
                            "private_dns": "ip-10-17-1-73.ec2.internal",
                            "private_ip": "10.17.1.73",
                            "public_dns": "ec2-35-175-195-110.compute-1.amazonaws.com",
                            "public_ip": "35.175.195.110",
                            "root_block_device.#": "1",
                            "root_block_device.0.delete_on_termination": "true",
                            "root_block_device.0.iops": "100",
                            "root_block_device.0.volume_id": "vol-055e64adde948c33d",
                            "root_block_device.0.volume_size": "8",
                            "root_block_device.0.volume_type": "gp2",
                            "security_groups.#": "0",
                            "source_dest_check": "true",
                            "subnet_id": "subnet-001b878f296dda7df",
                            "tags.%": "1",
                            "tags.Name": "wp_dev",
                            "tenancy": "default",
                            "volume_tags.%": "0",
                            "vpc_security_group_ids.#": "1",
                            "vpc_security_group_ids.3618825814": "sg-071054976f4c89ea3"
                        },
                        "meta": {
                            "e2bfb730-ecaa-11e6-8f88-34363bc7c4c0": {
                                "create": 600000000000,
                                "delete": 1200000000000,
                                "update": 600000000000
                            },
                            "schema_version": "1"
                        },
                        "tainted": false
                    },
                    "deposed": [],
                    "provider": "provider.aws"
                },
                "aws_internet_gateway.wp_igw": {
                    "type": "aws_internet_gateway",
                    "depends_on": [
                        "aws_vpc.wp_vpc"
                    ],
                    "primary": {
                        "id": "igw-0cdfa61da26d478f5",
                        "attributes": {
                            "id": "igw-0cdfa61da26d478f5",
                            "tags.%": "1",
                            "tags.Name": "wp_igw",
                            "vpc_id": "vpc-0c7505fafd95564ff"
                        },
                        "meta": {},
                        "tainted": false
                    },
                    "deposed": [],
                    "provider": "provider.aws"
                },
                "aws_key_pair.wp_auth": {
                    "type": "aws_key_pair",
                    "depends_on": [],
                    "primary": {
                        "id": "AWS-TA-KEYPAIR",
                        "attributes": {
                            "fingerprint": "2b:63:64:9a:d1:cb:d8:b3:1c:44:69:46:75:45:38:90",
                            "id": "AWS-TA-KEYPAIR",
                            "key_name": "AWS-TA-KEYPAIR",
                            "public_key": "ssh-rsa AAAAB3NzaC1yc2EAAAADAQABAAABAQDP4QUdpPewAx01020r2F92xQoNDxMI/gWA/CyLoavUPPRTLtoXRQvZvknT20ALRE1iw+yhz5ImGaOQqmrcumpLhl2d1zNHlVe9SIYbCK3YzeJeIZnzay0dv3yn1c0pIdtqK5JUtCaMobOIVxp5GgGLDjoSQhzq7yhDz/TS5YuuDZubJvgw4R3pGajmKEWhAUJjHEe2TY5XdwF/dfTurbrSSivjtq83W74jnMy/wPvfZCogH/Q229n0oFevYyackMQxxmCA+q2N9guv7ufZOe+R/RmMbz1xSzvTVhC0HHKe5JtN+NJCjniW1+AE+A3PVKdo60g/bNu9NiCTPwIGRox5 root@linuxacademy"
                        },
                        "meta": {
                            "schema_version": "1"
                        },
                        "tainted": false
                    },
                    "deposed": [],
                    "provider": "provider.aws"
                },
                "aws_launch_configuration.wp_asg_lc": {
                    "type": "aws_launch_configuration",
                    "depends_on": [
                        "aws_ami_from_instance.aws_golden_ami",
                        "aws_iam_instance_profile.s3_access_profile",
                        "aws_key_pair.wp_auth",
                        "aws_security_group.wp_private_sg"
                    ],
                    "primary": {
                        "id": "wp_lc-20181101220328417800000002",
                        "attributes": {
                            "associate_public_ip_address": "false",
                            "ebs_block_device.#": "0",
                            "ebs_optimized": "false",
                            "enable_monitoring": "true",
                            "ephemeral_block_device.#": "0",
                            "iam_instance_profile": "s3_access",
                            "id": "wp_lc-20181101220328417800000002",
                            "image_id": "ami-02918cd2bff880b6e",
                            "instance_type": "t2.micro",
                            "key_name": "AWS-TA-KEYPAIR",
                            "name": "wp_lc-20181101220328417800000002",
                            "name_prefix": "wp_lc-",
                            "root_block_device.#": "0",
                            "security_groups.#": "1",
                            "security_groups.3526606945": "sg-06357f23cfe0e8f48",
                            "spot_price": "",
                            "user_data": "706e9cc8f712eca1c2c472357b35dce1dab9ae97",
                            "vpc_classic_link_id": "",
                            "vpc_classic_link_security_groups.#": "0"
                        },
                        "meta": {},
                        "tainted": false
                    },
                    "deposed": [],
                    "provider": "provider.aws"
                },
                "aws_route_table.wp_public_rt": {
                    "type": "aws_route_table",
                    "depends_on": [
                        "aws_internet_gateway.wp_igw",
                        "aws_vpc.wp_vpc"
                    ],
                    "primary": {
                        "id": "rtb-0efc18a2dcde12c64",
                        "attributes": {
                            "id": "rtb-0efc18a2dcde12c64",
                            "propagating_vgws.#": "0",
                            "route.#": "1",
                            "route.2749635244.cidr_block": "0.0.0.0/0",
                            "route.2749635244.egress_only_gateway_id": "",
                            "route.2749635244.gateway_id": "igw-0cdfa61da26d478f5",
                            "route.2749635244.instance_id": "",
                            "route.2749635244.ipv6_cidr_block": "",
                            "route.2749635244.nat_gateway_id": "",
                            "route.2749635244.network_interface_id": "",
                            "route.2749635244.vpc_peering_connection_id": "",
                            "tags.%": "1",
                            "tags.Name": "wp_public",
                            "vpc_id": "vpc-0c7505fafd95564ff"
                        },
                        "meta": {},
                        "tainted": false
                    },
                    "deposed": [],
                    "provider": "provider.aws"
                },
                "aws_route_table_association.wp_private_03_assoc": {
                    "type": "aws_route_table_association",
                    "depends_on": [
                        "aws_default_route_table.wp_private_rt",
                        "aws_subnet.wp_private_subnet_03"
                    ],
                    "primary": {
                        "id": "rtbassoc-0859887b4fc6249f5",
                        "attributes": {
                            "id": "rtbassoc-0859887b4fc6249f5",
                            "route_table_id": "rtb-0f78d810234534c95",
                            "subnet_id": "subnet-0d8b61dd6fedb28c7"
                        },
                        "meta": {},
                        "tainted": false
                    },
                    "deposed": [],
                    "provider": "provider.aws"
                },
                "aws_route_table_association.wp_private_04_assoc": {
                    "type": "aws_route_table_association",
                    "depends_on": [
                        "aws_default_route_table.wp_private_rt",
                        "aws_subnet.wp_private_subnet_04"
                    ],
                    "primary": {
                        "id": "rtbassoc-07241863adf9dbd5e",
                        "attributes": {
                            "id": "rtbassoc-07241863adf9dbd5e",
                            "route_table_id": "rtb-0f78d810234534c95",
                            "subnet_id": "subnet-03c1a435dd916b4cd"
                        },
                        "meta": {},
                        "tainted": false
                    },
                    "deposed": [],
                    "provider": "provider.aws"
                },
                "aws_route_table_association.wp_public_01_assoc": {
                    "type": "aws_route_table_association",
                    "depends_on": [
                        "aws_route_table.wp_public_rt",
                        "aws_subnet.wp_public_subnet_01"
                    ],
                    "primary": {
                        "id": "rtbassoc-0912ea29e643aff67",
                        "attributes": {
                            "id": "rtbassoc-0912ea29e643aff67",
                            "route_table_id": "rtb-0efc18a2dcde12c64",
                            "subnet_id": "subnet-001b878f296dda7df"
                        },
                        "meta": {},
                        "tainted": false
                    },
                    "deposed": [],
                    "provider": "provider.aws"
                },
                "aws_route_table_association.wp_public_02_assoc": {
                    "type": "aws_route_table_association",
                    "depends_on": [
                        "aws_route_table.wp_public_rt",
                        "aws_subnet.wp_public_subnet_02"
                    ],
                    "primary": {
                        "id": "rtbassoc-0aa6d056a7c77a215",
                        "attributes": {
                            "id": "rtbassoc-0aa6d056a7c77a215",
                            "route_table_id": "rtb-0efc18a2dcde12c64",
                            "subnet_id": "subnet-0a8e8d5d0c366cc55"
                        },
                        "meta": {},
                        "tainted": false
                    },
                    "deposed": [],
                    "provider": "provider.aws"
                },
                "aws_s3_bucket.code": {
                    "type": "aws_s3_bucket",
                    "depends_on": [
                        "random_id.wp_code_bucket"
                    ],
                    "primary": {
                        "id": "urbinaalex-35705",
                        "attributes": {
                            "acceleration_status": "",
                            "acl": "private",
                            "arn": "arn:aws:s3:::urbinaalex-35705",
                            "bucket": "urbinaalex-35705",
                            "bucket_domain_name": "urbinaalex-35705.s3.amazonaws.com",
                            "bucket_regional_domain_name": "urbinaalex-35705.s3.amazonaws.com",
                            "cors_rule.#": "0",
                            "force_destroy": "true",
                            "hosted_zone_id": "Z3AQBSTGFYJSTF",
                            "id": "urbinaalex-35705",
                            "lifecycle_rule.#": "0",
                            "logging.#": "0",
                            "region": "us-east-1",
                            "replication_configuration.#": "0",
                            "request_payer": "BucketOwner",
                            "server_side_encryption_configuration.#": "0",
                            "tags.%": "1",
                            "tags.Name": "Code Bucket",
                            "versioning.#": "1",
                            "versioning.0.enabled": "false",
                            "versioning.0.mfa_delete": "false",
                            "website.#": "0"
                        },
                        "meta": {},
                        "tainted": false
                    },
                    "deposed": [],
                    "provider": "provider.aws"
                },
                "aws_security_group.wp_dev_sg": {
                    "type": "aws_security_group",
                    "depends_on": [
                        "aws_vpc.wp_vpc"
                    ],
                    "primary": {
                        "id": "sg-071054976f4c89ea3",
                        "attributes": {
                            "arn": "arn:aws:ec2:us-east-1:503511696737:security-group/sg-071054976f4c89ea3",
                            "description": "Used for access to the dev instance",
                            "egress.#": "1",
                            "egress.482069346.cidr_blocks.#": "1",
                            "egress.482069346.cidr_blocks.0": "0.0.0.0/0",
                            "egress.482069346.description": "",
                            "egress.482069346.from_port": "0",
                            "egress.482069346.ipv6_cidr_blocks.#": "0",
                            "egress.482069346.prefix_list_ids.#": "0",
                            "egress.482069346.protocol": "-1",
                            "egress.482069346.security_groups.#": "0",
                            "egress.482069346.self": "false",
                            "egress.482069346.to_port": "0",
                            "id": "sg-071054976f4c89ea3",
                            "ingress.#": "2",
                            "ingress.2118574946.cidr_blocks.#": "1",
                            "ingress.2118574946.cidr_blocks.0": "52.53.157.247/32",
                            "ingress.2118574946.description": "",
                            "ingress.2118574946.from_port": "22",
                            "ingress.2118574946.ipv6_cidr_blocks.#": "0",
                            "ingress.2118574946.prefix_list_ids.#": "0",
                            "ingress.2118574946.protocol": "tcp",
                            "ingress.2118574946.security_groups.#": "0",
                            "ingress.2118574946.self": "false",
                            "ingress.2118574946.to_port": "22",
                            "ingress.2214680975.cidr_blocks.#": "1",
                            "ingress.2214680975.cidr_blocks.0": "0.0.0.0/0",
                            "ingress.2214680975.description": "",
                            "ingress.2214680975.from_port": "80",
                            "ingress.2214680975.ipv6_cidr_blocks.#": "0",
                            "ingress.2214680975.prefix_list_ids.#": "0",
                            "ingress.2214680975.protocol": "tcp",
                            "ingress.2214680975.security_groups.#": "0",
                            "ingress.2214680975.self": "false",
                            "ingress.2214680975.to_port": "80",
                            "name": "wp_dev_sg",
                            "owner_id": "503511696737",
                            "revoke_rules_on_delete": "false",
                            "tags.%": "0",
                            "vpc_id": "vpc-0c7505fafd95564ff"
                        },
                        "meta": {
                            "e2bfb730-ecaa-11e6-8f88-34363bc7c4c0": {
                                "create": 600000000000,
                                "delete": 600000000000
                            },
                            "schema_version": "1"
                        },
                        "tainted": false
                    },
                    "deposed": [],
                    "provider": "provider.aws"
                },
                "aws_security_group.wp_private_sg": {
                    "type": "aws_security_group",
                    "depends_on": [
                        "aws_vpc.wp_vpc"
                    ],
                    "primary": {
                        "id": "sg-06357f23cfe0e8f48",
                        "attributes": {
                            "arn": "arn:aws:ec2:us-east-1:503511696737:security-group/sg-06357f23cfe0e8f48",
                            "description": "Used for private instances",
                            "egress.#": "1",
                            "egress.482069346.cidr_blocks.#": "1",
                            "egress.482069346.cidr_blocks.0": "0.0.0.0/0",
                            "egress.482069346.description": "",
                            "egress.482069346.from_port": "0",
                            "egress.482069346.ipv6_cidr_blocks.#": "0",
                            "egress.482069346.prefix_list_ids.#": "0",
                            "egress.482069346.protocol": "-1",
                            "egress.482069346.security_groups.#": "0",
                            "egress.482069346.self": "false",
                            "egress.482069346.to_port": "0",
                            "id": "sg-06357f23cfe0e8f48",
                            "ingress.#": "1",
                            "ingress.1047217230.cidr_blocks.#": "1",
                            "ingress.1047217230.cidr_blocks.0": "10.17.0.0/16",
                            "ingress.1047217230.description": "",
                            "ingress.1047217230.from_port": "0",
                            "ingress.1047217230.ipv6_cidr_blocks.#": "0",
                            "ingress.1047217230.prefix_list_ids.#": "0",
                            "ingress.1047217230.protocol": "-1",
                            "ingress.1047217230.security_groups.#": "0",
                            "ingress.1047217230.self": "false",
                            "ingress.1047217230.to_port": "0",
                            "name": "aws_private_sg",
                            "owner_id": "503511696737",
                            "revoke_rules_on_delete": "false",
                            "tags.%": "0",
                            "vpc_id": "vpc-0c7505fafd95564ff"
                        },
                        "meta": {
                            "e2bfb730-ecaa-11e6-8f88-34363bc7c4c0": {
                                "create": 600000000000,
                                "delete": 600000000000
                            },
                            "schema_version": "1"
                        },
                        "tainted": false
                    },
                    "deposed": [],
                    "provider": "provider.aws"
                },
                "aws_security_group.wp_public_sg": {
                    "type": "aws_security_group",
                    "depends_on": [
                        "aws_vpc.wp_vpc"
                    ],
                    "primary": {
                        "id": "sg-0dc5f54e514043f15",
                        "attributes": {
                            "arn": "arn:aws:ec2:us-east-1:503511696737:security-group/sg-0dc5f54e514043f15",
                            "description": "Used for the ELB for public access",
                            "egress.#": "1",
                            "egress.482069346.cidr_blocks.#": "1",
                            "egress.482069346.cidr_blocks.0": "0.0.0.0/0",
                            "egress.482069346.description": "",
                            "egress.482069346.from_port": "0",
                            "egress.482069346.ipv6_cidr_blocks.#": "0",
                            "egress.482069346.prefix_list_ids.#": "0",
                            "egress.482069346.protocol": "-1",
                            "egress.482069346.security_groups.#": "0",
                            "egress.482069346.self": "false",
                            "egress.482069346.to_port": "0",
                            "id": "sg-0dc5f54e514043f15",
                            "ingress.#": "1",
                            "ingress.2214680975.cidr_blocks.#": "1",
                            "ingress.2214680975.cidr_blocks.0": "0.0.0.0/0",
                            "ingress.2214680975.description": "",
                            "ingress.2214680975.from_port": "80",
                            "ingress.2214680975.ipv6_cidr_blocks.#": "0",
                            "ingress.2214680975.prefix_list_ids.#": "0",
                            "ingress.2214680975.protocol": "tcp",
                            "ingress.2214680975.security_groups.#": "0",
                            "ingress.2214680975.self": "false",
                            "ingress.2214680975.to_port": "80",
                            "name": "aws_public_sg",
                            "owner_id": "503511696737",
                            "revoke_rules_on_delete": "false",
                            "tags.%": "0",
                            "vpc_id": "vpc-0c7505fafd95564ff"
                        },
                        "meta": {
                            "e2bfb730-ecaa-11e6-8f88-34363bc7c4c0": {
                                "create": 600000000000,
                                "delete": 600000000000
                            },
                            "schema_version": "1"
                        },
                        "tainted": false
                    },
                    "deposed": [],
                    "provider": "provider.aws"
                },
                "aws_security_group.wp_rds_sg": {
                    "type": "aws_security_group",
                    "depends_on": [
                        "aws_security_group.wp_dev_sg",
                        "aws_security_group.wp_private_sg",
                        "aws_security_group.wp_public_sg",
                        "aws_vpc.wp_vpc"
                    ],
                    "primary": {
                        "id": "sg-0cf107d7a60a88a7b",
                        "attributes": {
                            "arn": "arn:aws:ec2:us-east-1:503511696737:security-group/sg-0cf107d7a60a88a7b",
                            "description": "Used for RDS",
                            "egress.#": "1",
                            "egress.482069346.cidr_blocks.#": "1",
                            "egress.482069346.cidr_blocks.0": "0.0.0.0/0",
                            "egress.482069346.description": "",
                            "egress.482069346.from_port": "0",
                            "egress.482069346.ipv6_cidr_blocks.#": "0",
                            "egress.482069346.prefix_list_ids.#": "0",
                            "egress.482069346.protocol": "-1",
                            "egress.482069346.security_groups.#": "0",
                            "egress.482069346.self": "false",
                            "egress.482069346.to_port": "0",
                            "id": "sg-0cf107d7a60a88a7b",
                            "ingress.#": "1",
                            "ingress.4275201261.cidr_blocks.#": "0",
                            "ingress.4275201261.description": "",
                            "ingress.4275201261.from_port": "3306",
                            "ingress.4275201261.ipv6_cidr_blocks.#": "0",
                            "ingress.4275201261.prefix_list_ids.#": "0",
                            "ingress.4275201261.protocol": "tcp",
                            "ingress.4275201261.security_groups.#": "3",
                            "ingress.4275201261.security_groups.3526606945": "sg-06357f23cfe0e8f48",
                            "ingress.4275201261.security_groups.3618825814": "sg-071054976f4c89ea3",
                            "ingress.4275201261.security_groups.3668466354": "sg-0dc5f54e514043f15",
                            "ingress.4275201261.self": "false",
                            "ingress.4275201261.to_port": "3306",
                            "name": "aws_rds_sg",
                            "owner_id": "503511696737",
                            "revoke_rules_on_delete": "false",
                            "tags.%": "0",
                            "vpc_id": "vpc-0c7505fafd95564ff"
                        },
                        "meta": {
                            "e2bfb730-ecaa-11e6-8f88-34363bc7c4c0": {
                                "create": 600000000000,
                                "delete": 600000000000
                            },
                            "schema_version": "1"
                        },
                        "tainted": false
                    },
                    "deposed": [],
                    "provider": "provider.aws"
                },
                "aws_subnet.wp_private_subnet_03": {
                    "type": "aws_subnet",
                    "depends_on": [
                        "aws_vpc.wp_vpc",
                        "data.aws_availability_zones.available"
                    ],
                    "primary": {
                        "id": "subnet-0d8b61dd6fedb28c7",
                        "attributes": {
                            "arn": "arn:aws:ec2:us-east-1:503511696737:subnet/subnet-0d8b61dd6fedb28c7",
                            "assign_ipv6_address_on_creation": "false",
                            "availability_zone": "us-east-1a",
                            "cidr_block": "10.17.3.0/24",
                            "id": "subnet-0d8b61dd6fedb28c7",
                            "map_public_ip_on_launch": "false",
                            "tags.%": "1",
                            "tags.Name": "wp_private_subnet_03",
                            "vpc_id": "vpc-0c7505fafd95564ff"
                        },
                        "meta": {
                            "e2bfb730-ecaa-11e6-8f88-34363bc7c4c0": {
                                "create": 600000000000,
                                "delete": 600000000000
                            },
                            "schema_version": "1"
                        },
                        "tainted": false
                    },
                    "deposed": [],
                    "provider": "provider.aws"
                },
                "aws_subnet.wp_private_subnet_04": {
                    "type": "aws_subnet",
                    "depends_on": [
                        "aws_vpc.wp_vpc",
                        "data.aws_availability_zones.available"
                    ],
                    "primary": {
                        "id": "subnet-03c1a435dd916b4cd",
                        "attributes": {
                            "arn": "arn:aws:ec2:us-east-1:503511696737:subnet/subnet-03c1a435dd916b4cd",
                            "assign_ipv6_address_on_creation": "false",
                            "availability_zone": "us-east-1b",
                            "cidr_block": "10.17.4.0/24",
                            "id": "subnet-03c1a435dd916b4cd",
                            "map_public_ip_on_launch": "false",
                            "tags.%": "1",
                            "tags.Name": "wp_private_subnet_04",
                            "vpc_id": "vpc-0c7505fafd95564ff"
                        },
                        "meta": {
                            "e2bfb730-ecaa-11e6-8f88-34363bc7c4c0": {
                                "create": 600000000000,
                                "delete": 600000000000
                            },
                            "schema_version": "1"
                        },
                        "tainted": false
                    },
                    "deposed": [],
                    "provider": "provider.aws"
                },
                "aws_subnet.wp_public_subnet_01": {
                    "type": "aws_subnet",
                    "depends_on": [
                        "aws_vpc.wp_vpc",
                        "data.aws_availability_zones.available"
                    ],
                    "primary": {
                        "id": "subnet-001b878f296dda7df",
                        "attributes": {
                            "arn": "arn:aws:ec2:us-east-1:503511696737:subnet/subnet-001b878f296dda7df",
                            "assign_ipv6_address_on_creation": "false",
                            "availability_zone": "us-east-1a",
                            "cidr_block": "10.17.1.0/24",
                            "id": "subnet-001b878f296dda7df",
                            "map_public_ip_on_launch": "true",
                            "tags.%": "1",
                            "tags.Name": "wp_public_subnet_01",
                            "vpc_id": "vpc-0c7505fafd95564ff"
                        },
                        "meta": {
                            "e2bfb730-ecaa-11e6-8f88-34363bc7c4c0": {
                                "create": 600000000000,
                                "delete": 600000000000
                            },
                            "schema_version": "1"
                        },
                        "tainted": false
                    },
                    "deposed": [],
                    "provider": "provider.aws"
                },
                "aws_subnet.wp_public_subnet_02": {
                    "type": "aws_subnet",
                    "depends_on": [
                        "aws_vpc.wp_vpc",
                        "data.aws_availability_zones.available"
                    ],
                    "primary": {
                        "id": "subnet-0a8e8d5d0c366cc55",
                        "attributes": {
                            "arn": "arn:aws:ec2:us-east-1:503511696737:subnet/subnet-0a8e8d5d0c366cc55",
                            "assign_ipv6_address_on_creation": "false",
                            "availability_zone": "us-east-1b",
                            "cidr_block": "10.17.2.0/24",
                            "id": "subnet-0a8e8d5d0c366cc55",
                            "map_public_ip_on_launch": "true",
                            "tags.%": "1",
                            "tags.Name": "wp_public_subnet_02",
                            "vpc_id": "vpc-0c7505fafd95564ff"
                        },
                        "meta": {
                            "e2bfb730-ecaa-11e6-8f88-34363bc7c4c0": {
                                "create": 600000000000,
                                "delete": 600000000000
                            },
                            "schema_version": "1"
                        },
                        "tainted": false
                    },
                    "deposed": [],
                    "provider": "provider.aws"
                },
                "aws_subnet.wp_rds_subnet_01": {
                    "type": "aws_subnet",
                    "depends_on": [
                        "aws_vpc.wp_vpc",
                        "data.aws_availability_zones.available"
                    ],
                    "primary": {
                        "id": "subnet-0fabdb40c553ed1ab",
                        "attributes": {
                            "arn": "arn:aws:ec2:us-east-1:503511696737:subnet/subnet-0fabdb40c553ed1ab",
                            "assign_ipv6_address_on_creation": "false",
                            "availability_zone": "us-east-1a",
                            "cidr_block": "10.17.11.0/24",
                            "id": "subnet-0fabdb40c553ed1ab",
                            "map_public_ip_on_launch": "false",
                            "tags.%": "1",
                            "tags.Name": "wp_rds_subnet_01",
                            "vpc_id": "vpc-0c7505fafd95564ff"
                        },
                        "meta": {
                            "e2bfb730-ecaa-11e6-8f88-34363bc7c4c0": {
                                "create": 600000000000,
                                "delete": 600000000000
                            },
                            "schema_version": "1"
                        },
                        "tainted": false
                    },
                    "deposed": [],
                    "provider": "provider.aws"
                },
                "aws_subnet.wp_rds_subnet_02": {
                    "type": "aws_subnet",
                    "depends_on": [
                        "aws_vpc.wp_vpc",
                        "data.aws_availability_zones.available"
                    ],
                    "primary": {
                        "id": "subnet-0a0fb5359ddcf7985",
                        "attributes": {
                            "arn": "arn:aws:ec2:us-east-1:503511696737:subnet/subnet-0a0fb5359ddcf7985",
                            "assign_ipv6_address_on_creation": "false",
                            "availability_zone": "us-east-1b",
                            "cidr_block": "10.17.12.0/24",
                            "id": "subnet-0a0fb5359ddcf7985",
                            "map_public_ip_on_launch": "false",
                            "tags.%": "1",
                            "tags.Name": "wp_rds_subnet_02",
                            "vpc_id": "vpc-0c7505fafd95564ff"
                        },
                        "meta": {
                            "e2bfb730-ecaa-11e6-8f88-34363bc7c4c0": {
                                "create": 600000000000,
                                "delete": 600000000000
                            },
                            "schema_version": "1"
                        },
                        "tainted": false
                    },
                    "deposed": [],
                    "provider": "provider.aws"
                },
                "aws_subnet.wp_rds_subnet_03": {
                    "type": "aws_subnet",
                    "depends_on": [
                        "aws_vpc.wp_vpc",
                        "data.aws_availability_zones.available"
                    ],
                    "primary": {
                        "id": "subnet-036692f2a869c6bb1",
                        "attributes": {
                            "arn": "arn:aws:ec2:us-east-1:503511696737:subnet/subnet-036692f2a869c6bb1",
                            "assign_ipv6_address_on_creation": "false",
                            "availability_zone": "us-east-1c",
                            "cidr_block": "10.17.13.0/24",
                            "id": "subnet-036692f2a869c6bb1",
                            "map_public_ip_on_launch": "false",
                            "tags.%": "1",
                            "tags.Name": "wp_rds_subnet_03",
                            "vpc_id": "vpc-0c7505fafd95564ff"
                        },
                        "meta": {
                            "e2bfb730-ecaa-11e6-8f88-34363bc7c4c0": {
                                "create": 600000000000,
                                "delete": 600000000000
                            },
                            "schema_version": "1"
                        },
                        "tainted": false
                    },
                    "deposed": [],
                    "provider": "provider.aws"
                },
                "aws_vpc.wp_vpc": {
                    "type": "aws_vpc",
                    "depends_on": [],
                    "primary": {
                        "id": "vpc-0c7505fafd95564ff",
                        "attributes": {
                            "arn": "arn:aws:ec2:us-east-1:503511696737:vpc/vpc-0c7505fafd95564ff",
                            "assign_generated_ipv6_cidr_block": "false",
                            "cidr_block": "10.17.0.0/16",
                            "default_network_acl_id": "acl-04109b4191b3f5a9a",
                            "default_route_table_id": "rtb-0f78d810234534c95",
                            "default_security_group_id": "sg-08f3a6df84102bd8e",
                            "dhcp_options_id": "dopt-6d176b16",
                            "enable_classiclink": "false",
                            "enable_classiclink_dns_support": "false",
                            "enable_dns_hostnames": "true",
                            "enable_dns_support": "true",
                            "id": "vpc-0c7505fafd95564ff",
                            "instance_tenancy": "default",
                            "main_route_table_id": "rtb-0f78d810234534c95",
                            "tags.%": "1",
                            "tags.Name": "wp_vpc"
                        },
                        "meta": {
                            "schema_version": "1"
                        },
                        "tainted": false
                    },
                    "deposed": [],
                    "provider": "provider.aws"
                },
                "aws_vpc_endpoint.wp_private-s3_endpoint": {
                    "type": "aws_vpc_endpoint",
                    "depends_on": [
                        "aws_route_table.wp_public_rt",
                        "aws_vpc.wp_vpc"
                    ],
                    "primary": {
                        "id": "vpce-0bc111857542d6684",
                        "attributes": {
                            "cidr_blocks.#": "2",
                            "cidr_blocks.0": "54.231.0.0/17",
                            "cidr_blocks.1": "52.216.0.0/15",
                            "dns_entry.#": "0",
                            "id": "vpce-0bc111857542d6684",
                            "network_interface_ids.#": "0",
                            "policy": "{\"Statement\":[{\"Action\":\"*\",\"Effect\":\"Allow\",\"Principal\":\"*\",\"Resource\":\"*\"}],\"Version\":\"2008-10-17\"}",
                            "prefix_list_id": "pl-63a5400a",
                            "private_dns_enabled": "false",
                            "route_table_ids.#": "2",
                            "route_table_ids.1048738390": "rtb-0efc18a2dcde12c64",
                            "route_table_ids.4109665002": "rtb-0f78d810234534c95",
                            "security_group_ids.#": "0",
                            "service_name": "com.amazonaws.us-east-1.s3",
                            "state": "available",
                            "subnet_ids.#": "0",
                            "vpc_endpoint_type": "Gateway",
                            "vpc_id": "vpc-0c7505fafd95564ff"
                        },
                        "meta": {
                            "e2bfb730-ecaa-11e6-8f88-34363bc7c4c0": {
                                "create": 600000000000,
                                "delete": 600000000000,
                                "update": 600000000000
                            }
                        },
                        "tainted": false
                    },
                    "deposed": [],
                    "provider": "provider.aws"
                },
                "data.aws_availability_zones.available": {
                    "type": "aws_availability_zones",
                    "depends_on": [],
                    "primary": {
                        "id": "2018-11-01 22:09:28.796998859 +0000 UTC",
                        "attributes": {
                            "id": "2018-11-01 22:09:28.796998859 +0000 UTC",
                            "names.#": "6",
                            "names.0": "us-east-1a",
                            "names.1": "us-east-1b",
                            "names.2": "us-east-1c",
                            "names.3": "us-east-1d",
                            "names.4": "us-east-1e",
                            "names.5": "us-east-1f"
                        },
                        "meta": {},
                        "tainted": false
                    },
                    "deposed": [],
                    "provider": "provider.aws"
                },
                "random_id.golden_ami": {
                    "type": "random_id",
                    "depends_on": [],
                    "primary": {
                        "id": "g1UL",
                        "attributes": {
                            "b64": "g1UL",
                            "b64_std": "g1UL",
                            "b64_url": "g1UL",
                            "byte_length": "3",
                            "dec": "8606987",
                            "hex": "83550b",
                            "id": "g1UL"
                        },
                        "meta": {},
                        "tainted": false
                    },
                    "deposed": [],
                    "provider": "provider.random"
                },
                "random_id.wp_code_bucket": {
                    "type": "random_id",
                    "depends_on": [],
                    "primary": {
                        "id": "i3k",
                        "attributes": {
                            "b64": "i3k",
                            "b64_std": "i3k=",
                            "b64_url": "i3k",
                            "byte_length": "2",
                            "dec": "35705",
                            "hex": "8b79",
                            "id": "i3k"
                        },
                        "meta": {},
                        "tainted": false
                    },
                    "deposed": [],
                    "provider": "provider.random"
                }
            },
            "depends_on": []
        }
    ]
}
